Microsoft Visual Studio Solution File, Format Version 12.00
# Visual Studio Version 17
VisualStudioVersion = 17.5.2.0
MinimumVisualStudioVersion = 10.0.40219.1
Project("{FAE04EC0-301F-11D3-BF4B-00C04F79EFBC}") = "MicroGrad", "MicroGrad.csproj", "{6AA3A218-3E09-74D1-7AA4-5D7AE2DC7E66}"
EndProject
Global
	GlobalSection(SolutionConfigurationPlatforms) = preSolution
		Debug|Any CPU = Debug|Any CPU
		Release|Any CPU = Release|Any CPU
	EndGlobalSection
	GlobalSection(ProjectConfigurationPlatforms) = postSolution
		{6AA3A218-3E09-74D1-7AA4-5D7AE2DC7E66}.Debug|Any CPU.ActiveCfg = Debug|Any CPU
		{6AA3A218-3E09-74D1-7AA4-5D7AE2DC7E66}.Debug|Any CPU.Build.0 = Debug|Any CPU
		{6AA3A218-3E09-74D1-7AA4-5D7AE2DC7E66}.Release|Any CPU.ActiveCfg = Release|Any CPU
		{6AA3A218-3E09-74D1-7AA4-5D7AE2DC7E66}.Release|Any CPU.Build.0 = Release|Any CPU
	EndGlobalSection
	GlobalSection(SolutionProperties) = preSolution
		HideSolutionNode = FALSE
	EndGlobalSection
	GlobalSection(ExtensibilityGlobals) = postSolution
		SolutionGuid = {092D33D3-0BDF-4EED-A711-C016CEB01D88}
	EndGlobalSection
EndGlobal
